# generated by rye
# use `rye lock` or `rye sync` to update this lockfile
#
# last locked with the following flags:
#   pre: false
#   features: []
#   all-features: false
#   with-sources: false
#   generate-hashes: false
#   universal: false

-e file:.
altgraph==0.17.4
    # via pyinstaller
packaging==24.2
    # via pyinstaller
    # via pyinstaller-hooks-contrib
pefile==2023.2.7
    # via pyinstaller
pillow==11.0.0
    # via harrix-swiss-knife
pyinstaller==6.11.1
pyinstaller-hooks-contrib==2024.10
    # via pyinstaller
pyside6==6.8.1
    # via harrix-swiss-knife
pyside6-addons==6.8.1
    # via pyside6
pyside6-essentials==6.8.1
    # via pyside6
    # via pyside6-addons
pywin32-ctypes==0.2.3
    # via pyinstaller
setuptools==75.6.0
    # via pyinstaller
    # via pyinstaller-hooks-contrib
shiboken6==6.8.1
    # via pyside6
    # via pyside6-addons
    # via pyside6-essentials
