# generated by rye
# use `rye lock` or `rye sync` to update this lockfile
#
# last locked with the following flags:
#   pre: false
#   features: []
#   all-features: false
#   with-sources: false
#   generate-hashes: false
#   universal: false

-e file:.
cffi==1.17.1
    # via clr-loader
clr-loader==0.2.7.post0
    # via pythonnet
libcst==1.5.1
    # via harrix-swiss-knife
pillow==11.0.0
    # via harrix-swiss-knife
pycparser==2.22
    # via cffi
pyside6==6.8.1
    # via harrix-swiss-knife
pyside6-addons==6.8.1
    # via pyside6
pyside6-essentials==6.8.1
    # via pyside6
    # via pyside6-addons
pythonnet==3.0.5
    # via harrix-swiss-knife
pyyaml==6.0.2
    # via libcst
shiboken6==6.8.1
    # via pyside6
    # via pyside6-addons
    # via pyside6-essentials
